// !$*UTF8*$!
{
	archiveVersion = 1;
	classes = {
	};
	objectVersion = 56;
	objects = {

/* Begin PBXBuildFile section */
		4250F9ED2C1C7C8E006E83C0 /* kkeokkEulTimeApp.swift in Sources */ = {isa = PBXBuildFile; fileRef = 4250F9EC2C1C7C8E006E83C0 /* kkeokkEulTimeApp.swift */; };
		4250F9EF2C1C7C8E006E83C0 /* ContentView.swift in Sources */ = {isa = PBXBuildFile; fileRef = 4250F9EE2C1C7C8E006E83C0 /* ContentView.swift */; };
		4250F9F12C1C7C8F006E83C0 /* Assets.xcassets in Resources */ = {isa = PBXBuildFile; fileRef = 4250F9F02C1C7C8F006E83C0 /* Assets.xcassets */; };
		4250F9F42C1C7C8F006E83C0 /* Preview Assets.xcassets in Resources */ = {isa = PBXBuildFile; fileRef = 4250F9F32C1C7C8F006E83C0 /* Preview Assets.xcassets */; };
		4250F9FB2C1C7D80006E83C0 /* MotionManager.swift in Sources */ = {isa = PBXBuildFile; fileRef = 4250F9FA2C1C7D80006E83C0 /* MotionManager.swift */; };
		4250F9FD2C1C86B3006E83C0 /* Double+.swift in Sources */ = {isa = PBXBuildFile; fileRef = 4250F9FC2C1C86B3006E83C0 /* Double+.swift */; };
		4250F9FF2C1C922C006E83C0 /* HapticManager.swift in Sources */ = {isa = PBXBuildFile; fileRef = 4250F9FE2C1C922C006E83C0 /* HapticManager.swift */; };
		4250FA012C1C9450006E83C0 /* SoundManager.swift in Sources */ = {isa = PBXBuildFile; fileRef = 4250FA002C1C9450006E83C0 /* SoundManager.swift */; };
		4250FA062C1C96A8006E83C0 /* Ding-sound-effect.mp3 in Resources */ = {isa = PBXBuildFile; fileRef = 4250FA052C1C96A8006E83C0 /* Ding-sound-effect.mp3 */; };
/* End PBXBuildFile section */

/* Begin PBXFileReference section */
		4250F9E92C1C7C8E006E83C0 /* kkeokkEulTime.app */ = {isa = PBXFileReference; explicitFileType = wrapper.application; includeInIndex = 0; path = kkeokkEulTime.app; sourceTree = BUILT_PRODUCTS_DIR; };
		4250F9EC2C1C7C8E006E83C0 /* kkeokkEulTimeApp.swift */ = {isa = PBXFileReference; lastKnownFileType = sourcecode.swift; path = kkeokkEulTimeApp.swift; sourceTree = "<group>"; };
		4250F9EE2C1C7C8E006E83C0 /* ContentView.swift */ = {isa = PBXFileReference; lastKnownFileType = sourcecode.swift; path = ContentView.swift; sourceTree = "<group>"; };
		4250F9F02C1C7C8F006E83C0 /* Assets.xcassets */ = {isa = PBXFileReference; lastKnownFileType = folder.assetcatalog; path = Assets.xcassets; sourceTree = "<group>"; };
		4250F9F32C1C7C8F006E83C0 /* Preview Assets.xcassets */ = {isa = PBXFileReference; lastKnownFileType = folder.assetcatalog; path = "Preview Assets.xcassets"; sourceTree = "<group>"; };
		4250F9FA2C1C7D80006E83C0 /* MotionManager.swift */ = {isa = PBXFileReference; lastKnownFileType = sourcecode.swift; path = MotionManager.swift; sourceTree = "<group>"; };
		4250F9FC2C1C86B3006E83C0 /* Double+.swift */ = {isa = PBXFileReference; lastKnownFileType = sourcecode.swift; path = "Double+.swift"; sourceTree = "<group>"; };
		4250F9FE2C1C922C006E83C0 /* HapticManager.swift */ = {isa = PBXFileReference; lastKnownFileType = sourcecode.swift; path = HapticManager.swift; sourceTree = "<group>"; };
		4250FA002C1C9450006E83C0 /* SoundManager.swift */ = {isa = PBXFileReference; lastKnownFileType = sourcecode.swift; path = SoundManager.swift; sourceTree = "<group>"; };
		4250FA052C1C96A8006E83C0 /* Ding-sound-effect.mp3 */ = {isa = PBXFileReference; lastKnownFileType = audio.mp3; path = "Ding-sound-effect.mp3"; sourceTree = "<group>"; };
/* End PBXFileReference section */

/* Begin PBXFrameworksBuildPhase section */
		4250F9E62C1C7C8E006E83C0 /* Frameworks */ = {
			isa = PBXFrameworksBuildPhase;
			buildActionMask = 2147483647;
			files = (
			);
			runOnlyForDeploymentPostprocessing = 0;
		};
/* End PBXFrameworksBuildPhase section */

/* Begin PBXGroup section */
		4250F9E02C1C7C8E006E83C0 = {
			isa = PBXGroup;
			children = (
				4250F9EB2C1C7C8E006E83C0 /* kkeokkEulTime */,
				4250F9EA2C1C7C8E006E83C0 /* Products */,
			);
			sourceTree = "<group>";
		};
		4250F9EA2C1C7C8E006E83C0 /* Products */ = {
			isa = PBXGroup;
			children = (
				4250F9E92C1C7C8E006E83C0 /* kkeokkEulTime.app */,
			);
			name = Products;
			sourceTree = "<group>";
		};
		4250F9EB2C1C7C8E006E83C0 /* kkeokkEulTime */ = {
			isa = PBXGroup;
			children = (
				4250F9EC2C1C7C8E006E83C0 /* kkeokkEulTimeApp.swift */,
				4250F9EE2C1C7C8E006E83C0 /* ContentView.swift */,
				4250F9FC2C1C86B3006E83C0 /* Double+.swift */,
				4250F9FA2C1C7D80006E83C0 /* MotionManager.swift */,
				4250F9FE2C1C922C006E83C0 /* HapticManager.swift */,
				4250FA002C1C9450006E83C0 /* SoundManager.swift */,
				4250FA042C1C9479006E83C0 /* Sounds */,
				4250F9F02C1C7C8F006E83C0 /* Assets.xcassets */,
				4250F9F22C1C7C8F006E83C0 /* Preview Content */,
			);
			path = kkeokkEulTime;
			sourceTree = "<group>";
		};
		4250F9F22C1C7C8F006E83C0 /* Preview Content */ = {
			isa = PBXGroup;
			children = (
				4250F9F32C1C7C8F006E83C0 /* Preview Assets.xcassets */,
			);
			path = "Preview Content";
			sourceTree = "<group>";
		};
		4250FA042C1C9479006E83C0 /* Sounds */ = {
			isa = PBXGroup;
			children = (
				4250FA052C1C96A8006E83C0 /* Ding-sound-effect.mp3 */,
			);
			path = Sounds;
			sourceTree = "<group>";
		};
/* End PBXGroup section */

/* Begin PBXNativeTarget section */
		4250F9E82C1C7C8E006E83C0 /* kkeokkEulTime */ = {
			isa = PBXNativeTarget;
			buildConfigurationList = 4250F9F72C1C7C8F006E83C0 /* Build configuration list for PBXNativeTarget "kkeokkEulTime" */;
			buildPhases = (
				4250F9E52C1C7C8E006E83C0 /* Sources */,
				4250F9E62C1C7C8E006E83C0 /* Frameworks */,
				4250F9E72C1C7C8E006E83C0 /* Resources */,
			);
			buildRules = (
			);
			dependencies = (
			);
			name = kkeokkEulTime;
			productName = kkeokkEulTime;
			productReference = 4250F9E92C1C7C8E006E83C0 /* kkeokkEulTime.app */;
			productType = "com.apple.product-type.application";
		};
/* End PBXNativeTarget section */

/* Begin PBXProject section */
		4250F9E12C1C7C8E006E83C0 /* Project object */ = {
			isa = PBXProject;
			attributes = {
				BuildIndependentTargetsInParallel = 1;
				LastSwiftUpdateCheck = 1530;
				LastUpgradeCheck = 1530;
				TargetAttributes = {
					4250F9E82C1C7C8E006E83C0 = {
						CreatedOnToolsVersion = 15.3;
					};
				};
			};
			buildConfigurationList = 4250F9E42C1C7C8E006E83C0 /* Build configuration list for PBXProject "kkeokkEulTime" */;
			compatibilityVersion = "Xcode 14.0";
			developmentRegion = en;
			hasScannedForEncodings = 0;
			knownRegions = (
				en,
				Base,
			);
			mainGroup = 4250F9E02C1C7C8E006E83C0;
			productRefGroup = 4250F9EA2C1C7C8E006E83C0 /* Products */;
			projectDirPath = "";
			projectRoot = "";
			targets = (
				4250F9E82C1C7C8E006E83C0 /* kkeokkEulTime */,
			);
		};
/* End PBXProject section */

/* Begin PBXResourcesBuildPhase section */
		4250F9E72C1C7C8E006E83C0 /* Resources */ = {
			isa = PBXResourcesBuildPhase;
			buildActionMask = 2147483647;
			files = (
				4250FA062C1C96A8006E83C0 /* Ding-sound-effect.mp3 in Resources */,
				4250F9F42C1C7C8F006E83C0 /* Preview Assets.xcassets in Resources */,
				4250F9F12C1C7C8F006E83C0 /* Assets.xcassets in Resources */,
			);
			runOnlyForDeploymentPostprocessing = 0;
		};
/* End PBXResourcesBuildPhase section */

/* Begin PBXSourcesBuildPhase section */
		4250F9E52C1C7C8E006E83C0 /* Sources */ = {
			isa = PBXSourcesBuildPhase;
			buildActionMask = 2147483647;
			files = (
				4250F9EF2C1C7C8E006E83C0 /* ContentView.swift in Sources */,
				4250F9FF2C1C922C006E83C0 /* HapticManager.swift in Sources */,
				4250F9FB2C1C7D80006E83C0 /* MotionManager.swift in Sources */,
				4250F9FD2C1C86B3006E83C0 /* Double+.swift in Sources */,
				4250F9ED2C1C7C8E006E83C0 /* kkeokkEulTimeApp.swift in Sources */,
				4250FA012C1C9450006E83C0 /* SoundManager.swift in Sources */,
			);
			runOnlyForDeploymentPostprocessing = 0;
		};
/* End PBXSourcesBuildPhase section */

/* Begin XCBuildConfiguration section */
		4250F9F52C1C7C8F006E83C0 /* Debug */ = {
			isa = XCBuildConfiguration;
			buildSettings = {
				ALWAYS_SEARCH_USER_PATHS = NO;
				ASSETCATALOG_COMPILER_GENERATE_SWIFT_ASSET_SYMBOL_EXTENSIONS = YES;
				CLANG_ANALYZER_NONNULL = YES;
				CLANG_ANALYZER_NUMBER_OBJECT_CONVERSION = YES_AGGRESSIVE;
				CLANG_CXX_LANGUAGE_STANDARD = "gnu++20";
				CLANG_ENABLE_MODULES = YES;
				CLANG_ENABLE_OBJC_ARC = YES;
				CLANG_ENABLE_OBJC_WEAK = YES;
				CLANG_WARN_BLOCK_CAPTURE_AUTORELEASING = YES;
				CLANG_WARN_BOOL_CONVERSION = YES;
				CLANG_WARN_COMMA = YES;
				CLANG_WARN_CONSTANT_CONVERSION = YES;
				CLANG_WARN_DEPRECATED_OBJC_IMPLEMENTATIONS = YES;
				CLANG_WARN_DIRECT_OBJC_ISA_USAGE = YES_ERROR;
				CLANG_WARN_DOCUMENTATION_COMMENTS = YES;
				CLANG_WARN_EMPTY_BODY = YES;
				CLANG_WARN_ENUM_CONVERSION = YES;
				CLANG_WARN_INFINITE_RECURSION = YES;
				CLANG_WARN_INT_CONVERSION = YES;
				CLANG_WARN_NON_LITERAL_NULL_CONVERSION = YES;
				CLANG_WARN_OBJC_IMPLICIT_RETAIN_SELF = YES;
				CLANG_WARN_OBJC_LITERAL_CONVERSION = YES;
				CLANG_WARN_OBJC_ROOT_CLASS = YES_ERROR;
				CLANG_WARN_QUOTED_INCLUDE_IN_FRAMEWORK_HEADER = YES;
				CLANG_WARN_RANGE_LOOP_ANALYSIS = YES;
				CLANG_WARN_STRICT_PROTOTYPES = YES;
				CLANG_WARN_SUSPICIOUS_MOVE = YES;
				CLANG_WARN_UNGUARDED_AVAILABILITY = YES_AGGRESSIVE;
				CLANG_WARN_UNREACHABLE_CODE = YES;
				CLANG_WARN__DUPLICATE_METHOD_MATCH = YES;
				COPY_PHASE_STRIP = NO;
				DEBUG_INFORMATION_FORMAT = dwarf;
				ENABLE_STRICT_OBJC_MSGSEND = YES;
				ENABLE_TESTABILITY = YES;
				ENABLE_USER_SCRIPT_SANDBOXING = YES;
				GCC_C_LANGUAGE_STANDARD = gnu17;
				GCC_DYNAMIC_NO_PIC = NO;
				GCC_NO_COMMON_BLOCKS = YES;
				GCC_OPTIMIZATION_LEVEL = 0;
				GCC_PREPROCESSOR_DEFINITIONS = (
					"DEBUG=1",
					"$(inherited)",
				);
				GCC_WARN_64_TO_32_BIT_CONVERSION = YES;
				GCC_WARN_ABOUT_RETURN_TYPE = YES_ERROR;
				GCC_WARN_UNDECLARED_SELECTOR = YES;
				GCC_WARN_UNINITIALIZED_AUTOS = YES_AGGRESSIVE;
				GCC_WARN_UNUSED_FUNCTION = YES;
				GCC_WARN_UNUSED_VARIABLE = YES;
				IPHONEOS_DEPLOYMENT_TARGET = 17.4;
				LOCALIZATION_PREFERS_STRING_CATALOGS = YES;
				MTL_ENABLE_DEBUG_INFO = INCLUDE_SOURCE;
				MTL_FAST_MATH = YES;
				ONLY_ACTIVE_ARCH = YES;
				SDKROOT = iphoneos;
				SWIFT_ACTIVE_COMPILATION_CONDITIONS = "DEBUG $(inherited)";
				SWIFT_OPTIMIZATION_LEVEL = "-Onone";
			};
			name = Debug;
		};
		4250F9F62C1C7C8F006E83C0 /* Release */ = {
			isa = XCBuildConfiguration;
			buildSettings = {
				ALWAYS_SEARCH_USER_PATHS = NO;
				ASSETCATALOG_COMPILER_GENERATE_SWIFT_ASSET_SYMBOL_EXTENSIONS = YES;
				CLANG_ANALYZER_NONNULL = YES;
				CLANG_ANALYZER_NUMBER_OBJECT_CONVERSION = YES_AGGRESSIVE;
				CLANG_CXX_LANGUAGE_STANDARD = "gnu++20";
				CLANG_ENABLE_MODULES = YES;
				CLANG_ENABLE_OBJC_ARC = YES;
				CLANG_ENABLE_OBJC_WEAK = YES;
				CLANG_WARN_BLOCK_CAPTURE_AUTORELEASING = YES;
				CLANG_WARN_BOOL_CONVERSION = YES;
				CLANG_WARN_COMMA = YES;
				CLANG_WARN_CONSTANT_CONVERSION = YES;
				CLANG_WARN_DEPRECATED_OBJC_IMPLEMENTATIONS = YES;
				CLANG_WARN_DIRECT_OBJC_ISA_USAGE = YES_ERROR;
				CLANG_WARN_DOCUMENTATION_COMMENTS = YES;
				CLANG_WARN_EMPTY_BODY = YES;
				CLANG_WARN_ENUM_CONVERSION = YES;
				CLANG_WARN_INFINITE_RECURSION = YES;
				CLANG_WARN_INT_CONVERSION = YES;
				CLANG_WARN_NON_LITERAL_NULL_CONVERSION = YES;
				CLANG_WARN_OBJC_IMPLICIT_RETAIN_SELF = YES;
				CLANG_WARN_OBJC_LITERAL_CONVERSION = YES;
				CLANG_WARN_OBJC_ROOT_CLASS = YES_ERROR;
				CLANG_WARN_QUOTED_INCLUDE_IN_FRAMEWORK_HEADER = YES;
				CLANG_WARN_RANGE_LOOP_ANALYSIS = YES;
				CLANG_WARN_STRICT_PROTOTYPES = YES;
				CLANG_WARN_SUSPICIOUS_MOVE = YES;
				CLANG_WARN_UNGUARDED_AVAILABILITY = YES_AGGRESSIVE;
				CLANG_WARN_UNREACHABLE_CODE = YES;
				CLANG_WARN__DUPLICATE_METHOD_MATCH = YES;
				COPY_PHASE_STRIP = NO;
				DEBUG_INFORMATION_FORMAT = "dwarf-with-dsym";
				ENABLE_NS_ASSERTIONS = NO;
				ENABLE_STRICT_OBJC_MSGSEND = YES;
				ENABLE_USER_SCRIPT_SANDBOXING = YES;
				GCC_C_LANGUAGE_STANDARD = gnu17;
				GCC_NO_COMMON_BLOCKS = YES;
				GCC_WARN_64_TO_32_BIT_CONVERSION = YES;
				GCC_WARN_ABOUT_RETURN_TYPE = YES_ERROR;
				GCC_WARN_UNDECLARED_SELECTOR = YES;
				GCC_WARN_UNINITIALIZED_AUTOS = YES_AGGRESSIVE;
				GCC_WARN_UNUSED_FUNCTION = YES;
				GCC_WARN_UNUSED_VARIABLE = YES;
				IPHONEOS_DEPLOYMENT_TARGET = 17.4;
				LOCALIZATION_PREFERS_STRING_CATALOGS = YES;
				MTL_ENABLE_DEBUG_INFO = NO;
				MTL_FAST_MATH = YES;
				SDKROOT = iphoneos;
				SWIFT_COMPILATION_MODE = wholemodule;
				VALIDATE_PRODUCT = YES;
			};
			name = Release;
		};
		4250F9F82C1C7C8F006E83C0 /* Debug */ = {
			isa = XCBuildConfiguration;
			buildSettings = {
				ASSETCATALOG_COMPILER_APPICON_NAME = AppIcon;
				ASSETCATALOG_COMPILER_GLOBAL_ACCENT_COLOR_NAME = AccentColor;
				CODE_SIGN_STYLE = Automatic;
				CURRENT_PROJECT_VERSION = 1;
				DEVELOPMENT_ASSET_PATHS = "\"kkeokkEulTime/Preview Content\"";
				DEVELOPMENT_TEAM = Q6CK9777WL;
				ENABLE_PREVIEWS = YES;
				GENERATE_INFOPLIST_FILE = YES;
				INFOPLIST_KEY_UIApplicationSceneManifest_Generation = YES;
				INFOPLIST_KEY_UIApplicationSupportsIndirectInputEvents = YES;
				INFOPLIST_KEY_UILaunchScreen_Generation = YES;
				INFOPLIST_KEY_UISupportedInterfaceOrientations = UIInterfaceOrientationPortrait;
				INFOPLIST_KEY_UISupportedInterfaceOrientations_iPad = "UIInterfaceOrientationLandscapeLeft UIInterfaceOrientationLandscapeRight UIInterfaceOrientationPortrait UIInterfaceOrientationPortraitUpsideDown";
				LD_RUNPATH_SEARCH_PATHS = (
					"$(inherited)",
					"@executable_path/Frameworks",
				);
				MARKETING_VERSION = 1.0;
				PRODUCT_BUNDLE_IDENTIFIER = com.yuseong.com.kkeokkEulTime;
				PRODUCT_NAME = "$(TARGET_NAME)";
				SWIFT_EMIT_LOC_STRINGS = YES;
				SWIFT_VERSION = 5.0;
				TARGETED_DEVICE_FAMILY = "1,2";
			};
			name = Debug;
		};
		4250F9F92C1C7C8F006E83C0 /* Release */ = {
			isa = XCBuildConfiguration;
			buildSettings = {
				ASSETCATALOG_COMPILER_APPICON_NAME = AppIcon;
				ASSETCATALOG_COMPILER_GLOBAL_ACCENT_COLOR_NAME = AccentColor;
				CODE_SIGN_STYLE = Automatic;
				CURRENT_PROJECT_VERSION = 1;
				DEVELOPMENT_ASSET_PATHS = "\"kkeokkEulTime/Preview Content\"";
				DEVELOPMENT_TEAM = Q6CK9777WL;
				ENABLE_PREVIEWS = YES;
				GENERATE_INFOPLIST_FILE = YES;
				INFOPLIST_KEY_UIApplicationSceneManifest_Generation = YES;
				INFOPLIST_KEY_UIApplicationSupportsIndirectInputEvents = YES;
				INFOPLIST_KEY_UILaunchScreen_Generation = YES;
				INFOPLIST_KEY_UISupportedInterfaceOrientations = UIInterfaceOrientationPortrait;
				INFOPLIST_KEY_UISupportedInterfaceOrientations_iPad = "UIInterfaceOrientationLandscapeLeft UIInterfaceOrientationLandscapeRight UIInterfaceOrientationPortrait UIInterfaceOrientationPortraitUpsideDown";
				LD_RUNPATH_SEARCH_PATHS = (
					"$(inherited)",
					"@executable_path/Frameworks",
				);
				MARKETING_VERSION = 1.0;
				PRODUCT_BUNDLE_IDENTIFIER = com.yuseong.com.kkeokkEulTime;
				PRODUCT_NAME = "$(TARGET_NAME)";
				SWIFT_EMIT_LOC_STRINGS = YES;
				SWIFT_VERSION = 5.0;
				TARGETED_DEVICE_FAMILY = "1,2";
			};
			name = Release;
		};
/* End XCBuildConfiguration section */

/* Begin XCConfigurationList section */
		4250F9E42C1C7C8E006E83C0 /* Build configuration list for PBXProject "kkeokkEulTime" */ = {
			isa = XCConfigurationList;
			buildConfigurations = (
				4250F9F52C1C7C8F006E83C0 /* Debug */,
				4250F9F62C1C7C8F006E83C0 /* Release */,
			);
			defaultConfigurationIsVisible = 0;
			defaultConfigurationName = Release;
		};
		4250F9F72C1C7C8F006E83C0 /* Build configuration list for PBXNativeTarget "kkeokkEulTime" */ = {
			isa = XCConfigurationList;
			buildConfigurations = (
				4250F9F82C1C7C8F006E83C0 /* Debug */,
				4250F9F92C1C7C8F006E83C0 /* Release */,
			);
			defaultConfigurationIsVisible = 0;
			defaultConfigurationName = Release;
		};
/* End XCConfigurationList section */
	};
	rootObject = 4250F9E12C1C7C8E006E83C0 /* Project object */;
}
